
Microsoft Visual Studio Solution File, Format Version 12.00
# Visual Studio Version 16
VisualStudioVersion = 16.0.31229.75
MinimumVisualStudioVersion = 10.0.40219.1
Project("{FAE04EC0-301F-11D3-BF4B-00C04F79EFBC}") = "SquareIntoSquaresKata", "SquareIntoSquaresKata\SquareIntoSquaresKata.csproj", "{9AA21857-56E5-482E-A307-A6B119835036}"
EndProject
Global
	GlobalSection(SolutionConfigurationPlatforms) = preSolution
		Debug|Any CPU = Debug|Any CPU
		Release|Any CPU = Release|Any CPU
	EndGlobalSection
	GlobalSection(ProjectConfigurationPlatforms) = postSolution
		{9AA21857-56E5-482E-A307-A6B119835036}.Debug|Any CPU.ActiveCfg = Debug|Any CPU
		{9AA21857-56E5-482E-A307-A6B119835036}.Debug|Any CPU.Build.0 = Debug|Any CPU
		{9AA21857-56E5-482E-A307-A6B119835036}.Release|Any CPU.ActiveCfg = Release|Any CPU
		{9AA21857-56E5-482E-A307-A6B119835036}.Release|Any CPU.Build.0 = Release|Any CPU
	EndGlobalSection
	GlobalSection(SolutionProperties) = preSolution
		HideSolutionNode = FALSE
	EndGlobalSection
	GlobalSection(ExtensibilityGlobals) = postSolution
		SolutionGuid = {ADD02EFC-D542-4C60-81DE-3EC5F4CF527E}
	EndGlobalSection
EndGlobal
